
Microsoft Visual Studio Solution File, Format Version 12.00
# Visual Studio 14
VisualStudioVersion = 14.0.25420.1
MinimumVisualStudioVersion = 10.0.40219.1
Project("{E24C65DC-7377-472B-9ABA-BC803B73C61A}") = "Web", "Web\", "{2A343165-38C0-4095-B054-1C25FA0EFB4A}"
	ProjectSection(WebsiteProperties) = preProject
		TargetFrameworkMoniker = ".NETFramework,Version%3Dv4.5.2"
		Debug.AspNetCompiler.VirtualPath = "/localhost_2347"
		Debug.AspNetCompiler.PhysicalPath = "Web\"
		Debug.AspNetCompiler.TargetPath = "PrecompiledWeb\localhost_2347\"
		Debug.AspNetCompiler.Updateable = "true"
		Debug.AspNetCompiler.ForceOverwrite = "true"
		Debug.AspNetCompiler.FixedNames = "false"
		Debug.AspNetCompiler.Debug = "True"
		Release.AspNetCompiler.VirtualPath = "/localhost_2347"
		Release.AspNetCompiler.PhysicalPath = "Web\"
		Release.AspNetCompiler.TargetPath = "PrecompiledWeb\localhost_2347\"
		Release.AspNetCompiler.Updateable = "true"
		Release.AspNetCompiler.ForceOverwrite = "true"
		Release.AspNetCompiler.FixedNames = "false"
		Release.AspNetCompiler.Debug = "False"
		VWDPort = "2347"
		SlnRelativePath = "Web\"
		DefaultWebSiteLanguage = "Visual C#"
	EndProjectSection
EndProject
Project("{FAE04EC0-301F-11D3-BF4B-00C04F79EFBC}") = "MyWebRequest", "MyWebRequest\MyWebRequest.csproj", "{87002123-8786-490D-99AB-331F5702CA83}"
EndProject
Global
	GlobalSection(SolutionConfigurationPlatforms) = preSolution
		Debug|Any CPU = Debug|Any CPU
		Release|Any CPU = Release|Any CPU
	EndGlobalSection
	GlobalSection(ProjectConfigurationPlatforms) = postSolution
		{2A343165-38C0-4095-B054-1C25FA0EFB4A}.Debug|Any CPU.ActiveCfg = Debug|Any CPU
		{2A343165-38C0-4095-B054-1C25FA0EFB4A}.Debug|Any CPU.Build.0 = Debug|Any CPU
		{2A343165-38C0-4095-B054-1C25FA0EFB4A}.Release|Any CPU.ActiveCfg = Debug|Any CPU
		{2A343165-38C0-4095-B054-1C25FA0EFB4A}.Release|Any CPU.Build.0 = Debug|Any CPU
		{87002123-8786-490D-99AB-331F5702CA83}.Debug|Any CPU.ActiveCfg = Debug|Any CPU
		{87002123-8786-490D-99AB-331F5702CA83}.Debug|Any CPU.Build.0 = Debug|Any CPU
		{87002123-8786-490D-99AB-331F5702CA83}.Release|Any CPU.ActiveCfg = Release|Any CPU
		{87002123-8786-490D-99AB-331F5702CA83}.Release|Any CPU.Build.0 = Release|Any CPU
	EndGlobalSection
	GlobalSection(SolutionProperties) = preSolution
		HideSolutionNode = FALSE
	EndGlobalSection
EndGlobal
